// !$*UTF8*$!
{
	archiveVersion = 1;
	classes = {
	};
	objectVersion = 56;
	objects = {

/* Begin PBXBuildFile section */
		F41228D32B4AB1A500900922 /* swift_exampleApp.swift in Sources */ = {isa = PBXBuildFile; fileRef = F41228D22B4AB1A500900922 /* swift_exampleApp.swift */; };
		F41228D52B4AB1A500900922 /* ContentView.swift in Sources */ = {isa = PBXBuildFile; fileRef = F41228D42B4AB1A500900922 /* ContentView.swift */; };
		F41228D72B4AB1A600900922 /* Assets.xcassets in Resources */ = {isa = PBXBuildFile; fileRef = F41228D62B4AB1A600900922 /* Assets.xcassets */; };
		F41228DB2B4AB1A600900922 /* Preview Assets.xcassets in Resources */ = {isa = PBXBuildFile; fileRef = F41228DA2B4AB1A600900922 /* Preview Assets.xcassets */; };
		F41228E52B4AB1A700900922 /* swift_exampleTests.swift in Sources */ = {isa = PBXBuildFile; fileRef = F41228E42B4AB1A700900922 /* swift_exampleTests.swift */; };
		F41228EF2B4AB1A700900922 /* swift_exampleUITests.swift in Sources */ = {isa = PBXBuildFile; fileRef = F41228EE2B4AB1A700900922 /* swift_exampleUITests.swift */; };
		F41228F12B4AB1A700900922 /* swift_exampleUITestsLaunchTests.swift in Sources */ = {isa = PBXBuildFile; fileRef = F41228F02B4AB1A700900922 /* swift_exampleUITestsLaunchTests.swift */; };
/* End PBXBuildFile section */

/* Begin PBXContainerItemProxy section */
		F41228E12B4AB1A700900922 /* PBXContainerItemProxy */ = {
			isa = PBXContainerItemProxy;
			containerPortal = F41228C72B4AB1A500900922 /* Project object */;
			proxyType = 1;
			remoteGlobalIDString = F41228CE2B4AB1A500900922;
			remoteInfo = "swift-example";
		};
		F41228EB2B4AB1A700900922 /* PBXContainerItemProxy */ = {
			isa = PBXContainerItemProxy;
			containerPortal = F41228C72B4AB1A500900922 /* Project object */;
			proxyType = 1;
			remoteGlobalIDString = F41228CE2B4AB1A500900922;
			remoteInfo = "swift-example";
		};
/* End PBXContainerItemProxy section */

/* Begin PBXFileReference section */
		F41228CF2B4AB1A500900922 /* swift-example.app */ = {isa = PBXFileReference; explicitFileType = wrapper.application; includeInIndex = 0; path = "swift-example.app"; sourceTree = BUILT_PRODUCTS_DIR; };
		F41228D22B4AB1A500900922 /* swift_exampleApp.swift */ = {isa = PBXFileReference; lastKnownFileType = sourcecode.swift; path = swift_exampleApp.swift; sourceTree = "<group>"; };
		F41228D42B4AB1A500900922 /* ContentView.swift */ = {isa = PBXFileReference; lastKnownFileType = sourcecode.swift; path = ContentView.swift; sourceTree = "<group>"; };
		F41228D62B4AB1A600900922 /* Assets.xcassets */ = {isa = PBXFileReference; lastKnownFileType = folder.assetcatalog; path = Assets.xcassets; sourceTree = "<group>"; };
		F41228D82B4AB1A600900922 /* swift_example.entitlements */ = {isa = PBXFileReference; lastKnownFileType = text.plist.entitlements; path = swift_example.entitlements; sourceTree = "<group>"; };
		F41228DA2B4AB1A600900922 /* Preview Assets.xcassets */ = {isa = PBXFileReference; lastKnownFileType = folder.assetcatalog; path = "Preview Assets.xcassets"; sourceTree = "<group>"; };
		F41228E02B4AB1A700900922 /* swift-exampleTests.xctest */ = {isa = PBXFileReference; explicitFileType = wrapper.cfbundle; includeInIndex = 0; path = "swift-exampleTests.xctest"; sourceTree = BUILT_PRODUCTS_DIR; };
		F41228E42B4AB1A700900922 /* swift_exampleTests.swift */ = {isa = PBXFileReference; lastKnownFileType = sourcecode.swift; path = swift_exampleTests.swift; sourceTree = "<group>"; };
		F41228EA2B4AB1A700900922 /* swift-exampleUITests.xctest */ = {isa = PBXFileReference; explicitFileType = wrapper.cfbundle; includeInIndex = 0; path = "swift-exampleUITests.xctest"; sourceTree = BUILT_PRODUCTS_DIR; };
		F41228EE2B4AB1A700900922 /* swift_exampleUITests.swift */ = {isa = PBXFileReference; lastKnownFileType = sourcecode.swift; path = swift_exampleUITests.swift; sourceTree = "<group>"; };
		F41228F02B4AB1A700900922 /* swift_exampleUITestsLaunchTests.swift */ = {isa = PBXFileReference; lastKnownFileType = sourcecode.swift; path = swift_exampleUITestsLaunchTests.swift; sourceTree = "<group>"; };
/* End PBXFileReference section */

/* Begin PBXFrameworksBuildPhase section */
		F41228CC2B4AB1A500900922 /* Frameworks */ = {
			isa = PBXFrameworksBuildPhase;
			buildActionMask = 2147483647;
			files = (
			);
			runOnlyForDeploymentPostprocessing = 0;
		};
		F41228DD2B4AB1A700900922 /* Frameworks */ = {
			isa = PBXFrameworksBuildPhase;
			buildActionMask = 2147483647;
			files = (
			);
			runOnlyForDeploymentPostprocessing = 0;
		};
		F41228E72B4AB1A700900922 /* Frameworks */ = {
			isa = PBXFrameworksBuildPhase;
			buildActionMask = 2147483647;
			files = (
			);
			runOnlyForDeploymentPostprocessing = 0;
		};
/* End PBXFrameworksBuildPhase section */

/* Begin PBXGroup section */
		F41228C62B4AB1A500900922 = {
			isa = PBXGroup;
			children = (
				F41228D12B4AB1A500900922 /* swift-example */,
				F41228E32B4AB1A700900922 /* swift-exampleTests */,
				F41228ED2B4AB1A700900922 /* swift-exampleUITests */,
				F41228D02B4AB1A500900922 /* Products */,
			);
			sourceTree = "<group>";
		};
		F41228D02B4AB1A500900922 /* Products */ = {
			isa = PBXGroup;
			children = (
				F41228CF2B4AB1A500900922 /* swift-example.app */,
				F41228E02B4AB1A700900922 /* swift-exampleTests.xctest */,
				F41228EA2B4AB1A700900922 /* swift-exampleUITests.xctest */,
			);
			name = Products;
			sourceTree = "<group>";
		};
		F41228D12B4AB1A500900922 /* swift-example */ = {
			isa = PBXGroup;
			children = (
				F41228D22B4AB1A500900922 /* swift_exampleApp.swift */,
				F41228D42B4AB1A500900922 /* ContentView.swift */,
				F41228D62B4AB1A600900922 /* Assets.xcassets */,
				F41228D82B4AB1A600900922 /* swift_example.entitlements */,
				F41228D92B4AB1A600900922 /* Preview Content */,
			);
			path = "swift-example";
			sourceTree = "<group>";
		};
		F41228D92B4AB1A600900922 /* Preview Content */ = {
			isa = PBXGroup;
			children = (
				F41228DA2B4AB1A600900922 /* Preview Assets.xcassets */,
			);
			path = "Preview Content";
			sourceTree = "<group>";
		};
		F41228E32B4AB1A700900922 /* swift-exampleTests */ = {
			isa = PBXGroup;
			children = (
				F41228E42B4AB1A700900922 /* swift_exampleTests.swift */,
			);
			path = "swift-exampleTests";
			sourceTree = "<group>";
		};
		F41228ED2B4AB1A700900922 /* swift-exampleUITests */ = {
			isa = PBXGroup;
			children = (
				F41228EE2B4AB1A700900922 /* swift_exampleUITests.swift */,
				F41228F02B4AB1A700900922 /* swift_exampleUITestsLaunchTests.swift */,
			);
			path = "swift-exampleUITests";
			sourceTree = "<group>";
		};
/* End PBXGroup section */

/* Begin PBXNativeTarget section */
		F41228CE2B4AB1A500900922 /* swift-example */ = {
			isa = PBXNativeTarget;
			buildConfigurationList = F41228F42B4AB1A700900922 /* Build configuration list for PBXNativeTarget "swift-example" */;
			buildPhases = (
				F41228CB2B4AB1A500900922 /* Sources */,
				F41228CC2B4AB1A500900922 /* Frameworks */,
				F41228CD2B4AB1A500900922 /* Resources */,
			);
			buildRules = (
			);
			dependencies = (
			);
			name = "swift-example";
			productName = "swift-example";
			productReference = F41228CF2B4AB1A500900922 /* swift-example.app */;
			productType = "com.apple.product-type.application";
		};
		F41228DF2B4AB1A700900922 /* swift-exampleTests */ = {
			isa = PBXNativeTarget;
			buildConfigurationList = F41228F72B4AB1A700900922 /* Build configuration list for PBXNativeTarget "swift-exampleTests" */;
			buildPhases = (
				F41228DC2B4AB1A700900922 /* Sources */,
				F41228DD2B4AB1A700900922 /* Frameworks */,
				F41228DE2B4AB1A700900922 /* Resources */,
			);
			buildRules = (
			);
			dependencies = (
				F41228E22B4AB1A700900922 /* PBXTargetDependency */,
			);
			name = "swift-exampleTests";
			productName = "swift-exampleTests";
			productReference = F41228E02B4AB1A700900922 /* swift-exampleTests.xctest */;
			productType = "com.apple.product-type.bundle.unit-test";
		};
		F41228E92B4AB1A700900922 /* swift-exampleUITests */ = {
			isa = PBXNativeTarget;
			buildConfigurationList = F41228FA2B4AB1A700900922 /* Build configuration list for PBXNativeTarget "swift-exampleUITests" */;
			buildPhases = (
				F41228E62B4AB1A700900922 /* Sources */,
				F41228E72B4AB1A700900922 /* Frameworks */,
				F41228E82B4AB1A700900922 /* Resources */,
			);
			buildRules = (
			);
			dependencies = (
				F41228EC2B4AB1A700900922 /* PBXTargetDependency */,
			);
			name = "swift-exampleUITests";
			productName = "swift-exampleUITests";
			productReference = F41228EA2B4AB1A700900922 /* swift-exampleUITests.xctest */;
			productType = "com.apple.product-type.bundle.ui-testing";
		};
/* End PBXNativeTarget section */

/* Begin PBXProject section */
		F41228C72B4AB1A500900922 /* Project object */ = {
			isa = PBXProject;
			attributes = {
				BuildIndependentTargetsInParallel = 1;
				LastSwiftUpdateCheck = 1510;
				LastUpgradeCheck = 1510;
				TargetAttributes = {
					F41228CE2B4AB1A500900922 = {
						CreatedOnToolsVersion = 15.1;
					};
					F41228DF2B4AB1A700900922 = {
						CreatedOnToolsVersion = 15.1;
						TestTargetID = F41228CE2B4AB1A500900922;
					};
					F41228E92B4AB1A700900922 = {
						CreatedOnToolsVersion = 15.1;
						TestTargetID = F41228CE2B4AB1A500900922;
					};
				};
			};
			buildConfigurationList = F41228CA2B4AB1A500900922 /* Build configuration list for PBXProject "swift-example" */;
			compatibilityVersion = "Xcode 14.0";
			developmentRegion = en;
			hasScannedForEncodings = 0;
			knownRegions = (
				en,
				Base,
			);
			mainGroup = F41228C62B4AB1A500900922;
			productRefGroup = F41228D02B4AB1A500900922 /* Products */;
			projectDirPath = "";
			projectRoot = "";
			targets = (
				F41228CE2B4AB1A500900922 /* swift-example */,
				F41228DF2B4AB1A700900922 /* swift-exampleTests */,
				F41228E92B4AB1A700900922 /* swift-exampleUITests */,
			);
		};
/* End PBXProject section */

/* Begin PBXResourcesBuildPhase section */
		F41228CD2B4AB1A500900922 /* Resources */ = {
			isa = PBXResourcesBuildPhase;
			buildActionMask = 2147483647;
			files = (
				F41228DB2B4AB1A600900922 /* Preview Assets.xcassets in Resources */,
				F41228D72B4AB1A600900922 /* Assets.xcassets in Resources */,
			);
			runOnlyForDeploymentPostprocessing = 0;
		};
		F41228DE2B4AB1A700900922 /* Resources */ = {
			isa = PBXResourcesBuildPhase;
			buildActionMask = 2147483647;
			files = (
			);
			runOnlyForDeploymentPostprocessing = 0;
		};
		F41228E82B4AB1A700900922 /* Resources */ = {
			isa = PBXResourcesBuildPhase;
			buildActionMask = 2147483647;
			files = (
			);
			runOnlyForDeploymentPostprocessing = 0;
		};
/* End PBXResourcesBuildPhase section */

/* Begin PBXSourcesBuildPhase section */
		F41228CB2B4AB1A500900922 /* Sources */ = {
			isa = PBXSourcesBuildPhase;
			buildActionMask = 2147483647;
			files = (
				F41228D52B4AB1A500900922 /* ContentView.swift in Sources */,
				F41228D32B4AB1A500900922 /* swift_exampleApp.swift in Sources */,
			);
			runOnlyForDeploymentPostprocessing = 0;
		};
		F41228DC2B4AB1A700900922 /* Sources */ = {
			isa = PBXSourcesBuildPhase;
			buildActionMask = 2147483647;
			files = (
				F41228E52B4AB1A700900922 /* swift_exampleTests.swift in Sources */,
			);
			runOnlyForDeploymentPostprocessing = 0;
		};
		F41228E62B4AB1A700900922 /* Sources */ = {
			isa = PBXSourcesBuildPhase;
			buildActionMask = 2147483647;
			files = (
				F41228EF2B4AB1A700900922 /* swift_exampleUITests.swift in Sources */,
				F41228F12B4AB1A700900922 /* swift_exampleUITestsLaunchTests.swift in Sources */,
			);
			runOnlyForDeploymentPostprocessing = 0;
		};
/* End PBXSourcesBuildPhase section */

/* Begin PBXTargetDependency section */
		F41228E22B4AB1A700900922 /* PBXTargetDependency */ = {
			isa = PBXTargetDependency;
			target = F41228CE2B4AB1A500900922 /* swift-example */;
			targetProxy = F41228E12B4AB1A700900922 /* PBXContainerItemProxy */;
		};
		F41228EC2B4AB1A700900922 /* PBXTargetDependency */ = {
			isa = PBXTargetDependency;
			target = F41228CE2B4AB1A500900922 /* swift-example */;
			targetProxy = F41228EB2B4AB1A700900922 /* PBXContainerItemProxy */;
		};
/* End PBXTargetDependency section */

/* Begin XCBuildConfiguration section */
		F41228F22B4AB1A700900922 /* Debug */ = {
			isa = XCBuildConfiguration;
			buildSettings = {
				ALWAYS_SEARCH_USER_PATHS = NO;
				ASSETCATALOG_COMPILER_GENERATE_SWIFT_ASSET_SYMBOL_EXTENSIONS = YES;
				CLANG_ANALYZER_NONNULL = YES;
				CLANG_ANALYZER_NUMBER_OBJECT_CONVERSION = YES_AGGRESSIVE;
				CLANG_CXX_LANGUAGE_STANDARD = "gnu++20";
				CLANG_ENABLE_MODULES = YES;
				CLANG_ENABLE_OBJC_ARC = YES;
				CLANG_ENABLE_OBJC_WEAK = YES;
				CLANG_WARN_BLOCK_CAPTURE_AUTORELEASING = YES;
				CLANG_WARN_BOOL_CONVERSION = YES;
				CLANG_WARN_COMMA = YES;
				CLANG_WARN_CONSTANT_CONVERSION = YES;
				CLANG_WARN_DEPRECATED_OBJC_IMPLEMENTATIONS = YES;
				CLANG_WARN_DIRECT_OBJC_ISA_USAGE = YES_ERROR;
				CLANG_WARN_DOCUMENTATION_COMMENTS = YES;
				CLANG_WARN_EMPTY_BODY = YES;
				CLANG_WARN_ENUM_CONVERSION = YES;
				CLANG_WARN_INFINITE_RECURSION = YES;
				CLANG_WARN_INT_CONVERSION = YES;
				CLANG_WARN_NON_LITERAL_NULL_CONVERSION = YES;
				CLANG_WARN_OBJC_IMPLICIT_RETAIN_SELF = YES;
				CLANG_WARN_OBJC_LITERAL_CONVERSION = YES;
				CLANG_WARN_OBJC_ROOT_CLASS = YES_ERROR;
				CLANG_WARN_QUOTED_INCLUDE_IN_FRAMEWORK_HEADER = YES;
				CLANG_WARN_RANGE_LOOP_ANALYSIS = YES;
				CLANG_WARN_STRICT_PROTOTYPES = YES;
				CLANG_WARN_SUSPICIOUS_MOVE = YES;
				CLANG_WARN_UNGUARDED_AVAILABILITY = YES_AGGRESSIVE;
				CLANG_WARN_UNREACHABLE_CODE = YES;
				CLANG_WARN__DUPLICATE_METHOD_MATCH = YES;
				COPY_PHASE_STRIP = NO;
				DEBUG_INFORMATION_FORMAT = dwarf;
				ENABLE_STRICT_OBJC_MSGSEND = YES;
				ENABLE_TESTABILITY = YES;
				ENABLE_USER_SCRIPT_SANDBOXING = YES;
				GCC_C_LANGUAGE_STANDARD = gnu17;
				GCC_DYNAMIC_NO_PIC = NO;
				GCC_NO_COMMON_BLOCKS = YES;
				GCC_OPTIMIZATION_LEVEL = 0;
				GCC_PREPROCESSOR_DEFINITIONS = (
					"DEBUG=1",
					"$(inherited)",
				);
				GCC_WARN_64_TO_32_BIT_CONVERSION = YES;
				GCC_WARN_ABOUT_RETURN_TYPE = YES_ERROR;
				GCC_WARN_UNDECLARED_SELECTOR = YES;
				GCC_WARN_UNINITIALIZED_AUTOS = YES_AGGRESSIVE;
				GCC_WARN_UNUSED_FUNCTION = YES;
				GCC_WARN_UNUSED_VARIABLE = YES;
				LOCALIZATION_PREFERS_STRING_CATALOGS = YES;
				MTL_ENABLE_DEBUG_INFO = INCLUDE_SOURCE;
				MTL_FAST_MATH = YES;
				ONLY_ACTIVE_ARCH = YES;
				SWIFT_ACTIVE_COMPILATION_CONDITIONS = "DEBUG $(inherited)";
				SWIFT_OPTIMIZATION_LEVEL = "-Onone";
			};
			name = Debug;
		};
		F41228F32B4AB1A700900922 /* Release */ = {
			isa = XCBuildConfiguration;
			buildSettings = {
				ALWAYS_SEARCH_USER_PATHS = NO;
				ASSETCATALOG_COMPILER_GENERATE_SWIFT_ASSET_SYMBOL_EXTENSIONS = YES;
				CLANG_ANALYZER_NONNULL = YES;
				CLANG_ANALYZER_NUMBER_OBJECT_CONVERSION = YES_AGGRESSIVE;
				CLANG_CXX_LANGUAGE_STANDARD = "gnu++20";
				CLANG_ENABLE_MODULES = YES;
				CLANG_ENABLE_OBJC_ARC = YES;
				CLANG_ENABLE_OBJC_WEAK = YES;
				CLANG_WARN_BLOCK_CAPTURE_AUTORELEASING = YES;
				CLANG_WARN_BOOL_CONVERSION = YES;
				CLANG_WARN_COMMA = YES;
				CLANG_WARN_CONSTANT_CONVERSION = YES;
				CLANG_WARN_DEPRECATED_OBJC_IMPLEMENTATIONS = YES;
				CLANG_WARN_DIRECT_OBJC_ISA_USAGE = YES_ERROR;
				CLANG_WARN_DOCUMENTATION_COMMENTS = YES;
				CLANG_WARN_EMPTY_BODY = YES;
				CLANG_WARN_ENUM_CONVERSION = YES;
				CLANG_WARN_INFINITE_RECURSION = YES;
				CLANG_WARN_INT_CONVERSION = YES;
				CLANG_WARN_NON_LITERAL_NULL_CONVERSION = YES;
				CLANG_WARN_OBJC_IMPLICIT_RETAIN_SELF = YES;
				CLANG_WARN_OBJC_LITERAL_CONVERSION = YES;
				CLANG_WARN_OBJC_ROOT_CLASS = YES_ERROR;
				CLANG_WARN_QUOTED_INCLUDE_IN_FRAMEWORK_HEADER = YES;
				CLANG_WARN_RANGE_LOOP_ANALYSIS = YES;
				CLANG_WARN_STRICT_PROTOTYPES = YES;
				CLANG_WARN_SUSPICIOUS_MOVE = YES;
				CLANG_WARN_UNGUARDED_AVAILABILITY = YES_AGGRESSIVE;
				CLANG_WARN_UNREACHABLE_CODE = YES;
				CLANG_WARN__DUPLICATE_METHOD_MATCH = YES;
				COPY_PHASE_STRIP = NO;
				DEBUG_INFORMATION_FORMAT = "dwarf-with-dsym";
				ENABLE_NS_ASSERTIONS = NO;
				ENABLE_STRICT_OBJC_MSGSEND = YES;
				ENABLE_USER_SCRIPT_SANDBOXING = YES;
				GCC_C_LANGUAGE_STANDARD = gnu17;
				GCC_NO_COMMON_BLOCKS = YES;
				GCC_WARN_64_TO_32_BIT_CONVERSION = YES;
				GCC_WARN_ABOUT_RETURN_TYPE = YES_ERROR;
				GCC_WARN_UNDECLARED_SELECTOR = YES;
				GCC_WARN_UNINITIALIZED_AUTOS = YES_AGGRESSIVE;
				GCC_WARN_UNUSED_FUNCTION = YES;
				GCC_WARN_UNUSED_VARIABLE = YES;
				LOCALIZATION_PREFERS_STRING_CATALOGS = YES;
				MTL_ENABLE_DEBUG_INFO = NO;
				MTL_FAST_MATH = YES;
				SWIFT_COMPILATION_MODE = wholemodule;
			};
			name = Release;
		};
		F41228F52B4AB1A700900922 /* Debug */ = {
			isa = XCBuildConfiguration;
			buildSettings = {
				ASSETCATALOG_COMPILER_APPICON_NAME = AppIcon;
				ASSETCATALOG_COMPILER_GLOBAL_ACCENT_COLOR_NAME = AccentColor;
				CODE_SIGN_ENTITLEMENTS = "swift-example/swift_example.entitlements";
				CODE_SIGN_STYLE = Automatic;
				CURRENT_PROJECT_VERSION = 1;
				DEVELOPMENT_ASSET_PATHS = "\"swift-example/Preview Content\"";
				ENABLE_PREVIEWS = YES;
				GENERATE_INFOPLIST_FILE = YES;
				"INFOPLIST_KEY_UIApplicationSceneManifest_Generation[sdk=iphoneos*]" = YES;
				"INFOPLIST_KEY_UIApplicationSceneManifest_Generation[sdk=iphonesimulator*]" = YES;
				"INFOPLIST_KEY_UIApplicationSupportsIndirectInputEvents[sdk=iphoneos*]" = YES;
				"INFOPLIST_KEY_UIApplicationSupportsIndirectInputEvents[sdk=iphonesimulator*]" = YES;
				"INFOPLIST_KEY_UILaunchScreen_Generation[sdk=iphoneos*]" = YES;
				"INFOPLIST_KEY_UILaunchScreen_Generation[sdk=iphonesimulator*]" = YES;
				"INFOPLIST_KEY_UIStatusBarStyle[sdk=iphoneos*]" = UIStatusBarStyleDefault;
				"INFOPLIST_KEY_UIStatusBarStyle[sdk=iphonesimulator*]" = UIStatusBarStyleDefault;
				INFOPLIST_KEY_UISupportedInterfaceOrientations_iPad = "UIInterfaceOrientationPortrait UIInterfaceOrientationPortraitUpsideDown UIInterfaceOrientationLandscapeLeft UIInterfaceOrientationLandscapeRight";
				INFOPLIST_KEY_UISupportedInterfaceOrientations_iPhone = "UIInterfaceOrientationPortrait UIInterfaceOrientationLandscapeLeft UIInterfaceOrientationLandscapeRight";
				IPHONEOS_DEPLOYMENT_TARGET = 17.2;
				LD_RUNPATH_SEARCH_PATHS = "@executable_path/Frameworks";
				"LD_RUNPATH_SEARCH_PATHS[sdk=macosx*]" = "@executable_path/../Frameworks";
				MACOSX_DEPLOYMENT_TARGET = 14.2;
				MARKETING_VERSION = 1.0;
				PRODUCT_BUNDLE_IDENTIFIER = "t.koide.swift-example";
				PRODUCT_NAME = "$(TARGET_NAME)";
				SDKROOT = auto;
				SUPPORTED_PLATFORMS = "iphoneos iphonesimulator macosx";
				SWIFT_EMIT_LOC_STRINGS = YES;
				SWIFT_VERSION = 5.0;
				TARGETED_DEVICE_FAMILY = "1,2";
			};
			name = Debug;
		};
		F41228F62B4AB1A700900922 /* Release */ = {
			isa = XCBuildConfiguration;
			buildSettings = {
				ASSETCATALOG_COMPILER_APPICON_NAME = AppIcon;
				ASSETCATALOG_COMPILER_GLOBAL_ACCENT_COLOR_NAME = AccentColor;
				CODE_SIGN_ENTITLEMENTS = "swift-example/swift_example.entitlements";
				CODE_SIGN_STYLE = Automatic;
				CURRENT_PROJECT_VERSION = 1;
				DEVELOPMENT_ASSET_PATHS = "\"swift-example/Preview Content\"";
				ENABLE_PREVIEWS = YES;
				GENERATE_INFOPLIST_FILE = YES;
				"INFOPLIST_KEY_UIApplicationSceneManifest_Generation[sdk=iphoneos*]" = YES;
				"INFOPLIST_KEY_UIApplicationSceneManifest_Generation[sdk=iphonesimulator*]" = YES;
				"INFOPLIST_KEY_UIApplicationSupportsIndirectInputEvents[sdk=iphoneos*]" = YES;
				"INFOPLIST_KEY_UIApplicationSupportsIndirectInputEvents[sdk=iphonesimulator*]" = YES;
				"INFOPLIST_KEY_UILaunchScreen_Generation[sdk=iphoneos*]" = YES;
				"INFOPLIST_KEY_UILaunchScreen_Generation[sdk=iphonesimulator*]" = YES;
				"INFOPLIST_KEY_UIStatusBarStyle[sdk=iphoneos*]" = UIStatusBarStyleDefault;
				"INFOPLIST_KEY_UIStatusBarStyle[sdk=iphonesimulator*]" = UIStatusBarStyleDefault;
				INFOPLIST_KEY_UISupportedInterfaceOrientations_iPad = "UIInterfaceOrientationPortrait UIInterfaceOrientationPortraitUpsideDown UIInterfaceOrientationLandscapeLeft UIInterfaceOrientationLandscapeRight";
				INFOPLIST_KEY_UISupportedInterfaceOrientations_iPhone = "UIInterfaceOrientationPortrait UIInterfaceOrientationLandscapeLeft UIInterfaceOrientationLandscapeRight";
				IPHONEOS_DEPLOYMENT_TARGET = 17.2;
				LD_RUNPATH_SEARCH_PATHS = "@executable_path/Frameworks";
				"LD_RUNPATH_SEARCH_PATHS[sdk=macosx*]" = "@executable_path/../Frameworks";
				MACOSX_DEPLOYMENT_TARGET = 14.2;
				MARKETING_VERSION = 1.0;
				PRODUCT_BUNDLE_IDENTIFIER = "t.koide.swift-example";
				PRODUCT_NAME = "$(TARGET_NAME)";
				SDKROOT = auto;
				SUPPORTED_PLATFORMS = "iphoneos iphonesimulator macosx";
				SWIFT_EMIT_LOC_STRINGS = YES;
				SWIFT_VERSION = 5.0;
				TARGETED_DEVICE_FAMILY = "1,2";
			};
			name = Release;
		};
		F41228F82B4AB1A700900922 /* Debug */ = {
			isa = XCBuildConfiguration;
			buildSettings = {
				ALWAYS_EMBED_SWIFT_STANDARD_LIBRARIES = YES;
				BUNDLE_LOADER = "$(TEST_HOST)";
				CODE_SIGN_STYLE = Automatic;
				CURRENT_PROJECT_VERSION = 1;
				GENERATE_INFOPLIST_FILE = YES;
				IPHONEOS_DEPLOYMENT_TARGET = 17.2;
				MACOSX_DEPLOYMENT_TARGET = 14.2;
				MARKETING_VERSION = 1.0;
				PRODUCT_BUNDLE_IDENTIFIER = "t.koide.swift-exampleTests";
				PRODUCT_NAME = "$(TARGET_NAME)";
				SDKROOT = auto;
				SUPPORTED_PLATFORMS = "iphoneos iphonesimulator macosx";
				SWIFT_EMIT_LOC_STRINGS = NO;
				SWIFT_VERSION = 5.0;
				TARGETED_DEVICE_FAMILY = "1,2";
				TEST_HOST = "$(BUILT_PRODUCTS_DIR)/swift-example.app/$(BUNDLE_EXECUTABLE_FOLDER_PATH)/swift-example";
			};
			name = Debug;
		};
		F41228F92B4AB1A700900922 /* Release */ = {
			isa = XCBuildConfiguration;
			buildSettings = {
				ALWAYS_EMBED_SWIFT_STANDARD_LIBRARIES = YES;
				BUNDLE_LOADER = "$(TEST_HOST)";
				CODE_SIGN_STYLE = Automatic;
				CURRENT_PROJECT_VERSION = 1;
				GENERATE_INFOPLIST_FILE = YES;
				IPHONEOS_DEPLOYMENT_TARGET = 17.2;
				MACOSX_DEPLOYMENT_TARGET = 14.2;
				MARKETING_VERSION = 1.0;
				PRODUCT_BUNDLE_IDENTIFIER = "t.koide.swift-exampleTests";
				PRODUCT_NAME = "$(TARGET_NAME)";
				SDKROOT = auto;
				SUPPORTED_PLATFORMS = "iphoneos iphonesimulator macosx";
				SWIFT_EMIT_LOC_STRINGS = NO;
				SWIFT_VERSION = 5.0;
				TARGETED_DEVICE_FAMILY = "1,2";
				TEST_HOST = "$(BUILT_PRODUCTS_DIR)/swift-example.app/$(BUNDLE_EXECUTABLE_FOLDER_PATH)/swift-example";
			};
			name = Release;
		};
		F41228FB2B4AB1A700900922 /* Debug */ = {
			isa = XCBuildConfiguration;
			buildSettings = {
				ALWAYS_EMBED_SWIFT_STANDARD_LIBRARIES = YES;
				CODE_SIGN_STYLE = Automatic;
				CURRENT_PROJECT_VERSION = 1;
				GENERATE_INFOPLIST_FILE = YES;
				IPHONEOS_DEPLOYMENT_TARGET = 17.2;
				MACOSX_DEPLOYMENT_TARGET = 14.2;
				MARKETING_VERSION = 1.0;
				PRODUCT_BUNDLE_IDENTIFIER = "t.koide.swift-exampleUITests";
				PRODUCT_NAME = "$(TARGET_NAME)";
				SDKROOT = auto;
				SUPPORTED_PLATFORMS = "iphoneos iphonesimulator macosx";
				SWIFT_EMIT_LOC_STRINGS = NO;
				SWIFT_VERSION = 5.0;
				TARGETED_DEVICE_FAMILY = "1,2";
				TEST_TARGET_NAME = "swift-example";
			};
			name = Debug;
		};
		F41228FC2B4AB1A700900922 /* Release */ = {
			isa = XCBuildConfiguration;
			buildSettings = {
				ALWAYS_EMBED_SWIFT_STANDARD_LIBRARIES = YES;
				CODE_SIGN_STYLE = Automatic;
				CURRENT_PROJECT_VERSION = 1;
				GENERATE_INFOPLIST_FILE = YES;
				IPHONEOS_DEPLOYMENT_TARGET = 17.2;
				MACOSX_DEPLOYMENT_TARGET = 14.2;
				MARKETING_VERSION = 1.0;
				PRODUCT_BUNDLE_IDENTIFIER = "t.koide.swift-exampleUITests";
				PRODUCT_NAME = "$(TARGET_NAME)";
				SDKROOT = auto;
				SUPPORTED_PLATFORMS = "iphoneos iphonesimulator macosx";
				SWIFT_EMIT_LOC_STRINGS = NO;
				SWIFT_VERSION = 5.0;
				TARGETED_DEVICE_FAMILY = "1,2";
				TEST_TARGET_NAME = "swift-example";
			};
			name = Release;
		};
/* End XCBuildConfiguration section */

/* Begin XCConfigurationList section */
		F41228CA2B4AB1A500900922 /* Build configuration list for PBXProject "swift-example" */ = {
			isa = XCConfigurationList;
			buildConfigurations = (
				F41228F22B4AB1A700900922 /* Debug */,
				F41228F32B4AB1A700900922 /* Release */,
			);
			defaultConfigurationIsVisible = 0;
			defaultConfigurationName = Release;
		};
		F41228F42B4AB1A700900922 /* Build configuration list for PBXNativeTarget "swift-example" */ = {
			isa = XCConfigurationList;
			buildConfigurations = (
				F41228F52B4AB1A700900922 /* Debug */,
				F41228F62B4AB1A700900922 /* Release */,
			);
			defaultConfigurationIsVisible = 0;
			defaultConfigurationName = Release;
		};
		F41228F72B4AB1A700900922 /* Build configuration list for PBXNativeTarget "swift-exampleTests" */ = {
			isa = XCConfigurationList;
			buildConfigurations = (
				F41228F82B4AB1A700900922 /* Debug */,
				F41228F92B4AB1A700900922 /* Release */,
			);
			defaultConfigurationIsVisible = 0;
			defaultConfigurationName = Release;
		};
		F41228FA2B4AB1A700900922 /* Build configuration list for PBXNativeTarget "swift-exampleUITests" */ = {
			isa = XCConfigurationList;
			buildConfigurations = (
				F41228FB2B4AB1A700900922 /* Debug */,
				F41228FC2B4AB1A700900922 /* Release */,
			);
			defaultConfigurationIsVisible = 0;
			defaultConfigurationName = Release;
		};
/* End XCConfigurationList section */
	};
	rootObject = F41228C72B4AB1A500900922 /* Project object */;
}
